
Microsoft Visual Studio Solution File, Format Version 12.00
# Visual Studio 15
VisualStudioVersion = 15.0.26124.0
MinimumVisualStudioVersion = 15.0.26124.0
Project("{2150E333-8FDC-42A3-9474-1A3956D46DE8}") = "src", "src", "{7D37A1E8-AF24-4BC0-8D5A-9200B17FBDAC}"
EndProject
Project("{2150E333-8FDC-42A3-9474-1A3956D46DE8}") = "Andromeda", "Andromeda", "{D01C5FA4-DC1B-4E96-95A8-60B93E68A497}"
EndProject
Project("{F2A71F9B-5D33-465A-A702-920D77279786}") = "Andromeda.Core", "src\Andromeda\Core\Andromeda.Core.fsproj", "{45D32DF8-7E3B-4C18-B0D0-7BA62C5F4821}"
EndProject
Project("{F2A71F9B-5D33-465A-A702-920D77279786}") = "Andromeda.AvaloniaApp", "src\Andromeda\AvaloniaApp\Andromeda.AvaloniaApp.fsproj", "{598CCD30-7DD3-420D-91A6-1A4F91CF070D}"
EndProject
Project("{2150E333-8FDC-42A3-9474-1A3956D46DE8}") = "tests", "tests", "{DD7C969D-3CFB-464C-B611-8FAB9FE6DAD2}"
EndProject
Project("{2150E333-8FDC-42A3-9474-1A3956D46DE8}") = "Andromeda", "Andromeda", "{5ECA67D9-FBAC-4690-A058-541B46D05DD7}"
EndProject
Project("{F2A71F9B-5D33-465A-A702-920D77279786}") = "Andromeda.Core.UnitTests", "tests\Andromeda\Core.UnitTests\Andromeda.Core.UnitTests.fsproj", "{5BA9CBA8-3532-487C-8E4D-9645A8C27E46}"
EndProject
Project("{F2A71F9B-5D33-465A-A702-920D77279786}") = "Andromeda.AvaloniaApp.UnitTests", "tests\Andromeda\AvaloniaApp.UnitTests\Andromeda.AvaloniaApp.UnitTests.fsproj", "{E1E35C8E-CCC8-4F0D-9BC7-514769531D99}"
EndProject
Project("{F2A71F9B-5D33-465A-A702-920D77279786}") = "run", "run.fsproj", "{823AAF76-0377-4195-A617-7CC5EEF1C707}"
EndProject
Global
	GlobalSection(SolutionConfigurationPlatforms) = preSolution
		Debug|Any CPU = Debug|Any CPU
		Debug|x64 = Debug|x64
		Debug|x86 = Debug|x86
		Release|Any CPU = Release|Any CPU
		Release|x64 = Release|x64
		Release|x86 = Release|x86
	EndGlobalSection
	GlobalSection(SolutionProperties) = preSolution
		HideSolutionNode = FALSE
	EndGlobalSection
	GlobalSection(ProjectConfigurationPlatforms) = postSolution
		{45D32DF8-7E3B-4C18-B0D0-7BA62C5F4821}.Debug|Any CPU.ActiveCfg = Debug|Any CPU
		{45D32DF8-7E3B-4C18-B0D0-7BA62C5F4821}.Debug|Any CPU.Build.0 = Debug|Any CPU
		{45D32DF8-7E3B-4C18-B0D0-7BA62C5F4821}.Debug|x64.ActiveCfg = Debug|Any CPU
		{45D32DF8-7E3B-4C18-B0D0-7BA62C5F4821}.Debug|x64.Build.0 = Debug|Any CPU
		{45D32DF8-7E3B-4C18-B0D0-7BA62C5F4821}.Debug|x86.ActiveCfg = Debug|Any CPU
		{45D32DF8-7E3B-4C18-B0D0-7BA62C5F4821}.Debug|x86.Build.0 = Debug|Any CPU
		{45D32DF8-7E3B-4C18-B0D0-7BA62C5F4821}.Release|Any CPU.ActiveCfg = Release|Any CPU
		{45D32DF8-7E3B-4C18-B0D0-7BA62C5F4821}.Release|Any CPU.Build.0 = Release|Any CPU
		{45D32DF8-7E3B-4C18-B0D0-7BA62C5F4821}.Release|x64.ActiveCfg = Release|Any CPU
		{45D32DF8-7E3B-4C18-B0D0-7BA62C5F4821}.Release|x64.Build.0 = Release|Any CPU
		{45D32DF8-7E3B-4C18-B0D0-7BA62C5F4821}.Release|x86.ActiveCfg = Release|Any CPU
		{45D32DF8-7E3B-4C18-B0D0-7BA62C5F4821}.Release|x86.Build.0 = Release|Any CPU
		{598CCD30-7DD3-420D-91A6-1A4F91CF070D}.Debug|Any CPU.ActiveCfg = Debug|Any CPU
		{598CCD30-7DD3-420D-91A6-1A4F91CF070D}.Debug|Any CPU.Build.0 = Debug|Any CPU
		{598CCD30-7DD3-420D-91A6-1A4F91CF070D}.Debug|x64.ActiveCfg = Debug|Any CPU
		{598CCD30-7DD3-420D-91A6-1A4F91CF070D}.Debug|x64.Build.0 = Debug|Any CPU
		{598CCD30-7DD3-420D-91A6-1A4F91CF070D}.Debug|x86.ActiveCfg = Debug|Any CPU
		{598CCD30-7DD3-420D-91A6-1A4F91CF070D}.Debug|x86.Build.0 = Debug|Any CPU
		{598CCD30-7DD3-420D-91A6-1A4F91CF070D}.Release|Any CPU.ActiveCfg = Release|Any CPU
		{598CCD30-7DD3-420D-91A6-1A4F91CF070D}.Release|Any CPU.Build.0 = Release|Any CPU
		{598CCD30-7DD3-420D-91A6-1A4F91CF070D}.Release|x64.ActiveCfg = Release|Any CPU
		{598CCD30-7DD3-420D-91A6-1A4F91CF070D}.Release|x64.Build.0 = Release|Any CPU
		{598CCD30-7DD3-420D-91A6-1A4F91CF070D}.Release|x86.ActiveCfg = Release|Any CPU
		{598CCD30-7DD3-420D-91A6-1A4F91CF070D}.Release|x86.Build.0 = Release|Any CPU
		{5BA9CBA8-3532-487C-8E4D-9645A8C27E46}.Debug|Any CPU.ActiveCfg = Debug|Any CPU
		{5BA9CBA8-3532-487C-8E4D-9645A8C27E46}.Debug|Any CPU.Build.0 = Debug|Any CPU
		{5BA9CBA8-3532-487C-8E4D-9645A8C27E46}.Debug|x64.ActiveCfg = Debug|Any CPU
		{5BA9CBA8-3532-487C-8E4D-9645A8C27E46}.Debug|x64.Build.0 = Debug|Any CPU
		{5BA9CBA8-3532-487C-8E4D-9645A8C27E46}.Debug|x86.ActiveCfg = Debug|Any CPU
		{5BA9CBA8-3532-487C-8E4D-9645A8C27E46}.Debug|x86.Build.0 = Debug|Any CPU
		{5BA9CBA8-3532-487C-8E4D-9645A8C27E46}.Release|Any CPU.ActiveCfg = Release|Any CPU
		{5BA9CBA8-3532-487C-8E4D-9645A8C27E46}.Release|Any CPU.Build.0 = Release|Any CPU
		{5BA9CBA8-3532-487C-8E4D-9645A8C27E46}.Release|x64.ActiveCfg = Release|Any CPU
		{5BA9CBA8-3532-487C-8E4D-9645A8C27E46}.Release|x64.Build.0 = Release|Any CPU
		{5BA9CBA8-3532-487C-8E4D-9645A8C27E46}.Release|x86.ActiveCfg = Release|Any CPU
		{5BA9CBA8-3532-487C-8E4D-9645A8C27E46}.Release|x86.Build.0 = Release|Any CPU
		{E1E35C8E-CCC8-4F0D-9BC7-514769531D99}.Debug|Any CPU.ActiveCfg = Debug|Any CPU
		{E1E35C8E-CCC8-4F0D-9BC7-514769531D99}.Debug|Any CPU.Build.0 = Debug|Any CPU
		{E1E35C8E-CCC8-4F0D-9BC7-514769531D99}.Debug|x64.ActiveCfg = Debug|Any CPU
		{E1E35C8E-CCC8-4F0D-9BC7-514769531D99}.Debug|x64.Build.0 = Debug|Any CPU
		{E1E35C8E-CCC8-4F0D-9BC7-514769531D99}.Debug|x86.ActiveCfg = Debug|Any CPU
		{E1E35C8E-CCC8-4F0D-9BC7-514769531D99}.Debug|x86.Build.0 = Debug|Any CPU
		{E1E35C8E-CCC8-4F0D-9BC7-514769531D99}.Release|Any CPU.ActiveCfg = Release|Any CPU
		{E1E35C8E-CCC8-4F0D-9BC7-514769531D99}.Release|Any CPU.Build.0 = Release|Any CPU
		{E1E35C8E-CCC8-4F0D-9BC7-514769531D99}.Release|x64.ActiveCfg = Release|Any CPU
		{E1E35C8E-CCC8-4F0D-9BC7-514769531D99}.Release|x64.Build.0 = Release|Any CPU
		{E1E35C8E-CCC8-4F0D-9BC7-514769531D99}.Release|x86.ActiveCfg = Release|Any CPU
		{E1E35C8E-CCC8-4F0D-9BC7-514769531D99}.Release|x86.Build.0 = Release|Any CPU
		{823AAF76-0377-4195-A617-7CC5EEF1C707}.Debug|Any CPU.ActiveCfg = Debug|Any CPU
		{823AAF76-0377-4195-A617-7CC5EEF1C707}.Debug|Any CPU.Build.0 = Debug|Any CPU
		{823AAF76-0377-4195-A617-7CC5EEF1C707}.Debug|x64.ActiveCfg = Debug|Any CPU
		{823AAF76-0377-4195-A617-7CC5EEF1C707}.Debug|x64.Build.0 = Debug|Any CPU
		{823AAF76-0377-4195-A617-7CC5EEF1C707}.Debug|x86.ActiveCfg = Debug|Any CPU
		{823AAF76-0377-4195-A617-7CC5EEF1C707}.Debug|x86.Build.0 = Debug|Any CPU
		{823AAF76-0377-4195-A617-7CC5EEF1C707}.Release|Any CPU.ActiveCfg = Release|Any CPU
		{823AAF76-0377-4195-A617-7CC5EEF1C707}.Release|Any CPU.Build.0 = Release|Any CPU
		{823AAF76-0377-4195-A617-7CC5EEF1C707}.Release|x64.ActiveCfg = Release|Any CPU
		{823AAF76-0377-4195-A617-7CC5EEF1C707}.Release|x64.Build.0 = Release|Any CPU
		{823AAF76-0377-4195-A617-7CC5EEF1C707}.Release|x86.ActiveCfg = Release|Any CPU
		{823AAF76-0377-4195-A617-7CC5EEF1C707}.Release|x86.Build.0 = Release|Any CPU
	EndGlobalSection
	GlobalSection(NestedProjects) = preSolution
		{D01C5FA4-DC1B-4E96-95A8-60B93E68A497} = {7D37A1E8-AF24-4BC0-8D5A-9200B17FBDAC}
		{45D32DF8-7E3B-4C18-B0D0-7BA62C5F4821} = {D01C5FA4-DC1B-4E96-95A8-60B93E68A497}
		{598CCD30-7DD3-420D-91A6-1A4F91CF070D} = {D01C5FA4-DC1B-4E96-95A8-60B93E68A497}
		{5ECA67D9-FBAC-4690-A058-541B46D05DD7} = {DD7C969D-3CFB-464C-B611-8FAB9FE6DAD2}
		{5BA9CBA8-3532-487C-8E4D-9645A8C27E46} = {5ECA67D9-FBAC-4690-A058-541B46D05DD7}
		{E1E35C8E-CCC8-4F0D-9BC7-514769531D99} = {5ECA67D9-FBAC-4690-A058-541B46D05DD7}
	EndGlobalSection
EndGlobal
